
Microsoft Visual Studio Solution File, Format Version 12.00
# Visual Studio Version 17
VisualStudioVersion = 17.9.34701.34
MinimumVisualStudioVersion = 10.0.40219.1
Project("{FAE04EC0-301F-11D3-BF4B-00C04F79EFBC}") = "Loja", "Loja.csproj", "{0B0AE0E4-C465-4582-8D86-8F660080C77B}"
EndProject
Global
	GlobalSection(SolutionConfigurationPlatforms) = preSolution
		Debug|Any CPU = Debug|Any CPU
		Release|Any CPU = Release|Any CPU
	EndGlobalSection
	GlobalSection(ProjectConfigurationPlatforms) = postSolution
		{0B0AE0E4-C465-4582-8D86-8F660080C77B}.Debug|Any CPU.ActiveCfg = Debug|Any CPU
		{0B0AE0E4-C465-4582-8D86-8F660080C77B}.Debug|Any CPU.Build.0 = Debug|Any CPU
		{0B0AE0E4-C465-4582-8D86-8F660080C77B}.Release|Any CPU.ActiveCfg = Release|Any CPU
		{0B0AE0E4-C465-4582-8D86-8F660080C77B}.Release|Any CPU.Build.0 = Release|Any CPU
	EndGlobalSection
	GlobalSection(SolutionProperties) = preSolution
		HideSolutionNode = FALSE
	EndGlobalSection
	GlobalSection(ExtensibilityGlobals) = postSolution
		SolutionGuid = {E81BAA7E-B296-4BDB-A387-480923F5A326}
	EndGlobalSection
EndGlobal
